
Microsoft Visual Studio Solution File, Format Version 12.00
# Visual Studio Version 16
VisualStudioVersion = 16.0.31005.135
MinimumVisualStudioVersion = 10.0.40219.1
Project("{FAE04EC0-301F-11D3-BF4B-00C04F79EFBC}") = "week06", "week06.csproj", "{EDE711F5-CF03-4BED-8251-36B048D0BBD8}"
EndProject
Global
	GlobalSection(SolutionConfigurationPlatforms) = preSolution
		Debug|Any CPU = Debug|Any CPU
		Release|Any CPU = Release|Any CPU
	EndGlobalSection
	GlobalSection(ProjectConfigurationPlatforms) = postSolution
		{EDE711F5-CF03-4BED-8251-36B048D0BBD8}.Debug|Any CPU.ActiveCfg = Debug|Any CPU
		{EDE711F5-CF03-4BED-8251-36B048D0BBD8}.Debug|Any CPU.Build.0 = Debug|Any CPU
		{EDE711F5-CF03-4BED-8251-36B048D0BBD8}.Release|Any CPU.ActiveCfg = Release|Any CPU
		{EDE711F5-CF03-4BED-8251-36B048D0BBD8}.Release|Any CPU.Build.0 = Release|Any CPU
	EndGlobalSection
	GlobalSection(SolutionProperties) = preSolution
		HideSolutionNode = FALSE
	EndGlobalSection
	GlobalSection(ExtensibilityGlobals) = postSolution
		SolutionGuid = {11EAD44E-E7ED-4F58-9625-1B3410F74762}
	EndGlobalSection
EndGlobal
